
Microsoft Visual Studio Solution File, Format Version 12.00
# Visual Studio Version 17
VisualStudioVersion = 17.2.32616.157
MinimumVisualStudioVersion = 10.0.40219.1
Project("{FAE04EC0-301F-11D3-BF4B-00C04F79EFBC}") = "KinectV2MouseControl", "KinectV2MouseControl\KinectV2MouseControl.csproj", "{2E2C73CD-49F3-4C2D-BA81-8A036CD9AEE6}"
EndProject
Project("{FAE04EC0-301F-11D3-BF4B-00C04F79EFBC}") = "UnscentedKalmanFilter", "UnscentedKalmanFilter\UnscentedKalmanFilter.csproj", "{FADAFD6C-9B9D-444C-B991-398AE5C67712}"
EndProject
Global
	GlobalSection(SolutionConfigurationPlatforms) = preSolution
		Debug|Any CPU = Debug|Any CPU
		Release|Any CPU = Release|Any CPU
	EndGlobalSection
	GlobalSection(ProjectConfigurationPlatforms) = postSolution
		{2E2C73CD-49F3-4C2D-BA81-8A036CD9AEE6}.Debug|Any CPU.ActiveCfg = Debug|Any CPU
		{2E2C73CD-49F3-4C2D-BA81-8A036CD9AEE6}.Debug|Any CPU.Build.0 = Debug|Any CPU
		{2E2C73CD-49F3-4C2D-BA81-8A036CD9AEE6}.Release|Any CPU.ActiveCfg = Release|Any CPU
		{2E2C73CD-49F3-4C2D-BA81-8A036CD9AEE6}.Release|Any CPU.Build.0 = Release|Any CPU
		{FADAFD6C-9B9D-444C-B991-398AE5C67712}.Debug|Any CPU.ActiveCfg = Debug|Any CPU
		{FADAFD6C-9B9D-444C-B991-398AE5C67712}.Debug|Any CPU.Build.0 = Debug|Any CPU
		{FADAFD6C-9B9D-444C-B991-398AE5C67712}.Release|Any CPU.ActiveCfg = Release|Any CPU
		{FADAFD6C-9B9D-444C-B991-398AE5C67712}.Release|Any CPU.Build.0 = Release|Any CPU
	EndGlobalSection
	GlobalSection(SolutionProperties) = preSolution
		HideSolutionNode = FALSE
	EndGlobalSection
	GlobalSection(ExtensibilityGlobals) = postSolution
		SolutionGuid = {1862C984-3707-4010-98DB-AEB0850A5EFA}
	EndGlobalSection
EndGlobal
